// !$*UTF8*$!
{
	archiveVersion = 1;
	classes = {
	};
	objectVersion = 50;
	objects = {

/* Begin PBXBuildFile section */
		AD195F2F256907C8007DC5C7 /* OrionApp.swift in Sources */ = {isa = PBXBuildFile; fileRef = AD195F2E256907C8007DC5C7 /* OrionApp.swift */; };
		AD195F31256907C8007DC5C7 /* ContentView.swift in Sources */ = {isa = PBXBuildFile; fileRef = AD195F30256907C8007DC5C7 /* ContentView.swift */; };
		AD195F33256907C9007DC5C7 /* Assets.xcassets in Resources */ = {isa = PBXBuildFile; fileRef = AD195F32256907C9007DC5C7 /* Assets.xcassets */; };
		AD195F36256907C9007DC5C7 /* Preview Assets.xcassets in Resources */ = {isa = PBXBuildFile; fileRef = AD195F35256907C9007DC5C7 /* Preview Assets.xcassets */; };
		AD195F47256909E0007DC5C7 /* Localizable.strings in Resources */ = {isa = PBXBuildFile; fileRef = AD195F49256909E0007DC5C7 /* Localizable.strings */; };
		AD195F5125690AC0007DC5C7 /* CommandButton.swift in Sources */ = {isa = PBXBuildFile; fileRef = AD195F5025690AC0007DC5C7 /* CommandButton.swift */; };
		AD195F5525690AF7007DC5C7 /* StepCommand.swift in Sources */ = {isa = PBXBuildFile; fileRef = AD195F5425690AF7007DC5C7 /* StepCommand.swift */; };
		AD195F5825690B1B007DC5C7 /* DebuggerState.swift in Sources */ = {isa = PBXBuildFile; fileRef = AD195F5725690B1B007DC5C7 /* DebuggerState.swift */; };
		AD195F5B25690B36007DC5C7 /* DebuggerTarget.swift in Sources */ = {isa = PBXBuildFile; fileRef = AD195F5A25690B36007DC5C7 /* DebuggerTarget.swift */; };
		AD1A6545256A3B7000B3D0DC /* launch.py in Resources */ = {isa = PBXBuildFile; fileRef = AD1A6542256A3B7000B3D0DC /* launch.py */; };
		AD1A6546256A3B7000B3D0DC /* settings.json in Resources */ = {isa = PBXBuildFile; fileRef = AD1A6544256A3B7000B3D0DC /* settings.json */; };
		AD1A6549256A3F5900B3D0DC /* ConnectLLDB.swift in Sources */ = {isa = PBXBuildFile; fileRef = AD1A6548256A3F5900B3D0DC /* ConnectLLDB.swift */; };
		AD8B62B125696557009EB91F /* index.html in Resources */ = {isa = PBXBuildFile; fileRef = AD8B62B025696557009EB91F /* index.html */; };
		ADAB94F72569372E00B0F74C /* SourceCode.swift in Sources */ = {isa = PBXBuildFile; fileRef = ADAB94F62569372E00B0F74C /* SourceCode.swift */; };
		ADAB94FA256937F600B0F74C /* DisassembleCode.swift in Sources */ = {isa = PBXBuildFile; fileRef = ADAB94F9256937F600B0F74C /* DisassembleCode.swift */; };
		ADAB94FD2569393600B0F74C /* Register.swift in Sources */ = {isa = PBXBuildFile; fileRef = ADAB94FC2569393600B0F74C /* Register.swift */; };
		ADAB9500256939FC00B0F74C /* Variables.swift in Sources */ = {isa = PBXBuildFile; fileRef = ADAB94FF256939FC00B0F74C /* Variables.swift */; };
		ADAB950325693A6E00B0F74C /* BreakPoints.swift in Sources */ = {isa = PBXBuildFile; fileRef = ADAB950225693A6E00B0F74C /* BreakPoints.swift */; };
		ADAB950625693AD200B0F74C /* Threads.swift in Sources */ = {isa = PBXBuildFile; fileRef = ADAB950525693AD200B0F74C /* Threads.swift */; };
		ADAB95092569404400B0F74C /* WebView.swift in Sources */ = {isa = PBXBuildFile; fileRef = ADAB95082569404400B0F74C /* WebView.swift */; };
/* End PBXBuildFile section */

/* Begin PBXFileReference section */
		AD195F2B256907C8007DC5C7 /* Orion.app */ = {isa = PBXFileReference; explicitFileType = wrapper.application; includeInIndex = 0; path = Orion.app; sourceTree = BUILT_PRODUCTS_DIR; };
		AD195F2E256907C8007DC5C7 /* OrionApp.swift */ = {isa = PBXFileReference; lastKnownFileType = sourcecode.swift; path = OrionApp.swift; sourceTree = "<group>"; };
		AD195F30256907C8007DC5C7 /* ContentView.swift */ = {isa = PBXFileReference; lastKnownFileType = sourcecode.swift; path = ContentView.swift; sourceTree = "<group>"; };
		AD195F32256907C9007DC5C7 /* Assets.xcassets */ = {isa = PBXFileReference; lastKnownFileType = folder.assetcatalog; path = Assets.xcassets; sourceTree = "<group>"; };
		AD195F35256907C9007DC5C7 /* Preview Assets.xcassets */ = {isa = PBXFileReference; lastKnownFileType = folder.assetcatalog; path = "Preview Assets.xcassets"; sourceTree = "<group>"; };
		AD195F37256907C9007DC5C7 /* Info.plist */ = {isa = PBXFileReference; lastKnownFileType = text.plist.xml; path = Info.plist; sourceTree = "<group>"; };
		AD195F38256907C9007DC5C7 /* Orion.entitlements */ = {isa = PBXFileReference; lastKnownFileType = text.plist.entitlements; path = Orion.entitlements; sourceTree = "<group>"; };
		AD195F48256909E0007DC5C7 /* en */ = {isa = PBXFileReference; lastKnownFileType = text.plist.strings; name = en; path = en.lproj/Localizable.strings; sourceTree = "<group>"; };
		AD195F4B256909E3007DC5C7 /* zh-Hans */ = {isa = PBXFileReference; lastKnownFileType = text.plist.strings; name = "zh-Hans"; path = "zh-Hans.lproj/Localizable.strings"; sourceTree = "<group>"; };
		AD195F5025690AC0007DC5C7 /* CommandButton.swift */ = {isa = PBXFileReference; lastKnownFileType = sourcecode.swift; path = CommandButton.swift; sourceTree = "<group>"; };
		AD195F5425690AF7007DC5C7 /* StepCommand.swift */ = {isa = PBXFileReference; lastKnownFileType = sourcecode.swift; path = StepCommand.swift; sourceTree = "<group>"; };
		AD195F5725690B1B007DC5C7 /* DebuggerState.swift */ = {isa = PBXFileReference; lastKnownFileType = sourcecode.swift; path = DebuggerState.swift; sourceTree = "<group>"; };
		AD195F5A25690B36007DC5C7 /* DebuggerTarget.swift */ = {isa = PBXFileReference; lastKnownFileType = sourcecode.swift; path = DebuggerTarget.swift; sourceTree = "<group>"; };
		AD1A6542256A3B7000B3D0DC /* launch.py */ = {isa = PBXFileReference; fileEncoding = 4; lastKnownFileType = text.script.python; path = launch.py; sourceTree = "<group>"; };
		AD1A6544256A3B7000B3D0DC /* settings.json */ = {isa = PBXFileReference; fileEncoding = 4; lastKnownFileType = text.json; path = settings.json; sourceTree = "<group>"; };
		AD1A6548256A3F5900B3D0DC /* ConnectLLDB.swift */ = {isa = PBXFileReference; lastKnownFileType = sourcecode.swift; path = ConnectLLDB.swift; sourceTree = "<group>"; };
		AD8B62B025696557009EB91F /* index.html */ = {isa = PBXFileReference; fileEncoding = 4; lastKnownFileType = text.html; name = index.html; path = dist/index.html; sourceTree = "<group>"; };
		ADAB94F62569372E00B0F74C /* SourceCode.swift */ = {isa = PBXFileReference; lastKnownFileType = sourcecode.swift; path = SourceCode.swift; sourceTree = "<group>"; };
		ADAB94F9256937F600B0F74C /* DisassembleCode.swift */ = {isa = PBXFileReference; lastKnownFileType = sourcecode.swift; path = DisassembleCode.swift; sourceTree = "<group>"; };
		ADAB94FC2569393600B0F74C /* Register.swift */ = {isa = PBXFileReference; lastKnownFileType = sourcecode.swift; path = Register.swift; sourceTree = "<group>"; };
		ADAB94FF256939FC00B0F74C /* Variables.swift */ = {isa = PBXFileReference; lastKnownFileType = sourcecode.swift; path = Variables.swift; sourceTree = "<group>"; };
		ADAB950225693A6E00B0F74C /* BreakPoints.swift */ = {isa = PBXFileReference; lastKnownFileType = sourcecode.swift; path = BreakPoints.swift; sourceTree = "<group>"; };
		ADAB950525693AD200B0F74C /* Threads.swift */ = {isa = PBXFileReference; lastKnownFileType = sourcecode.swift; path = Threads.swift; sourceTree = "<group>"; };
		ADAB95082569404400B0F74C /* WebView.swift */ = {isa = PBXFileReference; lastKnownFileType = sourcecode.swift; path = WebView.swift; sourceTree = "<group>"; };
/* End PBXFileReference section */

/* Begin PBXFrameworksBuildPhase section */
		AD195F28256907C8007DC5C7 /* Frameworks */ = {
			isa = PBXFrameworksBuildPhase;
			buildActionMask = 2147483647;
			files = (
			);
			runOnlyForDeploymentPostprocessing = 0;
		};
/* End PBXFrameworksBuildPhase section */

/* Begin PBXGroup section */
		AD195F22256907C8007DC5C7 = {
			isa = PBXGroup;
			children = (
				AD195F2D256907C8007DC5C7 /* Orion */,
				AD195F2C256907C8007DC5C7 /* Products */,
			);
			sourceTree = "<group>";
		};
		AD195F2C256907C8007DC5C7 /* Products */ = {
			isa = PBXGroup;
			children = (
				AD195F2B256907C8007DC5C7 /* Orion.app */,
			);
			name = Products;
			sourceTree = "<group>";
		};
		AD195F2D256907C8007DC5C7 /* Orion */ = {
			isa = PBXGroup;
			children = (
				AD1A6541256A3B7000B3D0DC /* orionscripts */,
				ADAB950B256940F600B0F74C /* monaco */,
				AD195F4F25690AB4007DC5C7 /* Atoms */,
				AD195F4E25690A8E007DC5C7 /* Toolbar */,
				AD195F4C25690A64007DC5C7 /* Panels */,
				AD195F2E256907C8007DC5C7 /* OrionApp.swift */,
				AD1A6548256A3F5900B3D0DC /* ConnectLLDB.swift */,
				AD195F30256907C8007DC5C7 /* ContentView.swift */,
				AD195F32256907C9007DC5C7 /* Assets.xcassets */,
				AD195F37256907C9007DC5C7 /* Info.plist */,
				AD195F38256907C9007DC5C7 /* Orion.entitlements */,
				AD195F34256907C9007DC5C7 /* Preview Content */,
				AD195F49256909E0007DC5C7 /* Localizable.strings */,
			);
			path = Orion;
			sourceTree = "<group>";
		};
		AD195F34256907C9007DC5C7 /* Preview Content */ = {
			isa = PBXGroup;
			children = (
				AD195F35256907C9007DC5C7 /* Preview Assets.xcassets */,
			);
			path = "Preview Content";
			sourceTree = "<group>";
		};
		AD195F4C25690A64007DC5C7 /* Panels */ = {
			isa = PBXGroup;
			children = (
				ADAB94F62569372E00B0F74C /* SourceCode.swift */,
				ADAB94F9256937F600B0F74C /* DisassembleCode.swift */,
				ADAB94FC2569393600B0F74C /* Register.swift */,
				ADAB94FF256939FC00B0F74C /* Variables.swift */,
				ADAB950225693A6E00B0F74C /* BreakPoints.swift */,
				ADAB950525693AD200B0F74C /* Threads.swift */,
			);
			path = Panels;
			sourceTree = "<group>";
		};
		AD195F4E25690A8E007DC5C7 /* Toolbar */ = {
			isa = PBXGroup;
			children = (
				AD195F5425690AF7007DC5C7 /* StepCommand.swift */,
				AD195F5725690B1B007DC5C7 /* DebuggerState.swift */,
				AD195F5A25690B36007DC5C7 /* DebuggerTarget.swift */,
			);
			path = Toolbar;
			sourceTree = "<group>";
		};
		AD195F4F25690AB4007DC5C7 /* Atoms */ = {
			isa = PBXGroup;
			children = (
				AD195F5025690AC0007DC5C7 /* CommandButton.swift */,
				ADAB95082569404400B0F74C /* WebView.swift */,
			);
			path = Atoms;
			sourceTree = "<group>";
		};
		AD1A6541256A3B7000B3D0DC /* orionscripts */ = {
			isa = PBXGroup;
			children = (
				AD1A6542256A3B7000B3D0DC /* launch.py */,
				AD1A6543256A3B7000B3D0DC /* .vscode */,
			);
			path = orionscripts;
			sourceTree = "<group>";
		};
		AD1A6543256A3B7000B3D0DC /* .vscode */ = {
			isa = PBXGroup;
			children = (
				AD1A6544256A3B7000B3D0DC /* settings.json */,
			);
			path = .vscode;
			sourceTree = "<group>";
		};
		ADAB950B256940F600B0F74C /* monaco */ = {
			isa = PBXGroup;
			children = (
				AD8B62B025696557009EB91F /* index.html */,
			);
			path = monaco;
			sourceTree = "<group>";
		};
/* End PBXGroup section */

/* Begin PBXNativeTarget section */
		AD195F2A256907C8007DC5C7 /* Orion */ = {
			isa = PBXNativeTarget;
			buildConfigurationList = AD195F3B256907C9007DC5C7 /* Build configuration list for PBXNativeTarget "Orion" */;
			buildPhases = (
				AD195F27256907C8007DC5C7 /* Sources */,
				AD195F28256907C8007DC5C7 /* Frameworks */,
				AD195F29256907C8007DC5C7 /* Resources */,
				AD195F3F25690862007DC5C7 /* swiftformat */,
				AD195F41256908C3007DC5C7 /* swiftlint */,
			);
			buildRules = (
			);
			dependencies = (
			);
			name = Orion;
			productName = Orion;
			productReference = AD195F2B256907C8007DC5C7 /* Orion.app */;
			productType = "com.apple.product-type.application";
		};
/* End PBXNativeTarget section */

/* Begin PBXProject section */
		AD195F23256907C8007DC5C7 /* Project object */ = {
			isa = PBXProject;
			attributes = {
				LastSwiftUpdateCheck = 1220;
				LastUpgradeCheck = 1220;
				TargetAttributes = {
					AD195F2A256907C8007DC5C7 = {
						CreatedOnToolsVersion = 12.2;
					};
				};
			};
			buildConfigurationList = AD195F26256907C8007DC5C7 /* Build configuration list for PBXProject "Orion" */;
			compatibilityVersion = "Xcode 9.3";
			developmentRegion = en;
			hasScannedForEncodings = 0;
			knownRegions = (
				en,
				Base,
				"zh-Hans",
			);
			mainGroup = AD195F22256907C8007DC5C7;
			productRefGroup = AD195F2C256907C8007DC5C7 /* Products */;
			projectDirPath = "";
			projectRoot = "";
			targets = (
				AD195F2A256907C8007DC5C7 /* Orion */,
			);
		};
/* End PBXProject section */

/* Begin PBXResourcesBuildPhase section */
		AD195F29256907C8007DC5C7 /* Resources */ = {
			isa = PBXResourcesBuildPhase;
			buildActionMask = 2147483647;
			files = (
				AD1A6546256A3B7000B3D0DC /* settings.json in Resources */,
				AD1A6545256A3B7000B3D0DC /* launch.py in Resources */,
				AD195F36256907C9007DC5C7 /* Preview Assets.xcassets in Resources */,
				AD8B62B125696557009EB91F /* index.html in Resources */,
				AD195F47256909E0007DC5C7 /* Localizable.strings in Resources */,
				AD195F33256907C9007DC5C7 /* Assets.xcassets in Resources */,
			);
			runOnlyForDeploymentPostprocessing = 0;
		};
/* End PBXResourcesBuildPhase section */

/* Begin PBXShellScriptBuildPhase section */
		AD195F3F25690862007DC5C7 /* swiftformat */ = {
			isa = PBXShellScriptBuildPhase;
			buildActionMask = 2147483647;
			files = (
			);
			inputFileListPaths = (
			);
			inputPaths = (
			);
			name = swiftformat;
			outputFileListPaths = (
			);
			outputPaths = (
			);
			runOnlyForDeploymentPostprocessing = 0;
			shellPath = /bin/sh;
			shellScript = "if which swiftformat >/dev/null; then\n  swiftformat .\nelse\n  echo \"warning: SwiftFormat not installed, download from https://github.com/nicklockwood/SwiftFormat\"\nfi\n";
		};
		AD195F41256908C3007DC5C7 /* swiftlint */ = {
			isa = PBXShellScriptBuildPhase;
			buildActionMask = 2147483647;
			files = (
			);
			inputFileListPaths = (
			);
			inputPaths = (
			);
			name = swiftlint;
			outputFileListPaths = (
			);
			outputPaths = (
			);
			runOnlyForDeploymentPostprocessing = 0;
			shellPath = /bin/sh;
			shellScript = "if which swiftlint >/dev/null; then\n  swiftlint\nelse\n  echo \"warning: SwiftLint not installed, download from https://github.com/realm/SwiftLint\"\nfi\n";
		};
/* End PBXShellScriptBuildPhase section */

/* Begin PBXSourcesBuildPhase section */
		AD195F27256907C8007DC5C7 /* Sources */ = {
			isa = PBXSourcesBuildPhase;
			buildActionMask = 2147483647;
			files = (
				AD195F5825690B1B007DC5C7 /* DebuggerState.swift in Sources */,
				AD195F31256907C8007DC5C7 /* ContentView.swift in Sources */,
				ADAB95092569404400B0F74C /* WebView.swift in Sources */,
				AD195F5125690AC0007DC5C7 /* CommandButton.swift in Sources */,
				ADAB94FD2569393600B0F74C /* Register.swift in Sources */,
				AD195F5B25690B36007DC5C7 /* DebuggerTarget.swift in Sources */,
				ADAB94F72569372E00B0F74C /* SourceCode.swift in Sources */,
				AD195F2F256907C8007DC5C7 /* OrionApp.swift in Sources */,
				ADAB950625693AD200B0F74C /* Threads.swift in Sources */,
				AD195F5525690AF7007DC5C7 /* StepCommand.swift in Sources */,
				AD1A6549256A3F5900B3D0DC /* ConnectLLDB.swift in Sources */,
				ADAB94FA256937F600B0F74C /* DisassembleCode.swift in Sources */,
				ADAB9500256939FC00B0F74C /* Variables.swift in Sources */,
				ADAB950325693A6E00B0F74C /* BreakPoints.swift in Sources */,
			);
			runOnlyForDeploymentPostprocessing = 0;
		};
/* End PBXSourcesBuildPhase section */

/* Begin PBXVariantGroup section */
		AD195F49256909E0007DC5C7 /* Localizable.strings */ = {
			isa = PBXVariantGroup;
			children = (
				AD195F48256909E0007DC5C7 /* en */,
				AD195F4B256909E3007DC5C7 /* zh-Hans */,
			);
			name = Localizable.strings;
			sourceTree = "<group>";
		};
/* End PBXVariantGroup section */

/* Begin XCBuildConfiguration section */
		AD195F39256907C9007DC5C7 /* Debug */ = {
			isa = XCBuildConfiguration;
			buildSettings = {
				ALWAYS_SEARCH_USER_PATHS = NO;
				CLANG_ANALYZER_NONNULL = YES;
				CLANG_ANALYZER_NUMBER_OBJECT_CONVERSION = YES_AGGRESSIVE;
				CLANG_CXX_LANGUAGE_STANDARD = "gnu++14";
				CLANG_CXX_LIBRARY = "libc++";
				CLANG_ENABLE_MODULES = YES;
				CLANG_ENABLE_OBJC_ARC = YES;
				CLANG_ENABLE_OBJC_WEAK = YES;
				CLANG_WARN_BLOCK_CAPTURE_AUTORELEASING = YES;
				CLANG_WARN_BOOL_CONVERSION = YES;
				CLANG_WARN_COMMA = YES;
				CLANG_WARN_CONSTANT_CONVERSION = YES;
				CLANG_WARN_DEPRECATED_OBJC_IMPLEMENTATIONS = YES;
				CLANG_WARN_DIRECT_OBJC_ISA_USAGE = YES_ERROR;
				CLANG_WARN_DOCUMENTATION_COMMENTS = YES;
				CLANG_WARN_EMPTY_BODY = YES;
				CLANG_WARN_ENUM_CONVERSION = YES;
				CLANG_WARN_INFINITE_RECURSION = YES;
				CLANG_WARN_INT_CONVERSION = YES;
				CLANG_WARN_NON_LITERAL_NULL_CONVERSION = YES;
				CLANG_WARN_OBJC_IMPLICIT_RETAIN_SELF = YES;
				CLANG_WARN_OBJC_LITERAL_CONVERSION = YES;
				CLANG_WARN_OBJC_ROOT_CLASS = YES_ERROR;
				CLANG_WARN_QUOTED_INCLUDE_IN_FRAMEWORK_HEADER = YES;
				CLANG_WARN_RANGE_LOOP_ANALYSIS = YES;
				CLANG_WARN_STRICT_PROTOTYPES = YES;
				CLANG_WARN_SUSPICIOUS_MOVE = YES;
				CLANG_WARN_UNGUARDED_AVAILABILITY = YES_AGGRESSIVE;
				CLANG_WARN_UNREACHABLE_CODE = YES;
				CLANG_WARN__DUPLICATE_METHOD_MATCH = YES;
				COPY_PHASE_STRIP = NO;
				DEBUG_INFORMATION_FORMAT = dwarf;
				ENABLE_STRICT_OBJC_MSGSEND = YES;
				ENABLE_TESTABILITY = YES;
				GCC_C_LANGUAGE_STANDARD = gnu11;
				GCC_DYNAMIC_NO_PIC = NO;
				GCC_NO_COMMON_BLOCKS = YES;
				GCC_OPTIMIZATION_LEVEL = 0;
				GCC_PREPROCESSOR_DEFINITIONS = (
					"DEBUG=1",
					"$(inherited)",
				);
				GCC_WARN_64_TO_32_BIT_CONVERSION = YES;
				GCC_WARN_ABOUT_RETURN_TYPE = YES_ERROR;
				GCC_WARN_UNDECLARED_SELECTOR = YES;
				GCC_WARN_UNINITIALIZED_AUTOS = YES_AGGRESSIVE;
				GCC_WARN_UNUSED_FUNCTION = YES;
				GCC_WARN_UNUSED_VARIABLE = YES;
				MACOSX_DEPLOYMENT_TARGET = 11.0;
				MTL_ENABLE_DEBUG_INFO = INCLUDE_SOURCE;
				MTL_FAST_MATH = YES;
				ONLY_ACTIVE_ARCH = YES;
				SDKROOT = macosx;
				SWIFT_ACTIVE_COMPILATION_CONDITIONS = DEBUG;
				SWIFT_OPTIMIZATION_LEVEL = "-Onone";
			};
			name = Debug;
		};
		AD195F3A256907C9007DC5C7 /* Release */ = {
			isa = XCBuildConfiguration;
			buildSettings = {
				ALWAYS_SEARCH_USER_PATHS = NO;
				CLANG_ANALYZER_NONNULL = YES;
				CLANG_ANALYZER_NUMBER_OBJECT_CONVERSION = YES_AGGRESSIVE;
				CLANG_CXX_LANGUAGE_STANDARD = "gnu++14";
				CLANG_CXX_LIBRARY = "libc++";
				CLANG_ENABLE_MODULES = YES;
				CLANG_ENABLE_OBJC_ARC = YES;
				CLANG_ENABLE_OBJC_WEAK = YES;
				CLANG_WARN_BLOCK_CAPTURE_AUTORELEASING = YES;
				CLANG_WARN_BOOL_CONVERSION = YES;
				CLANG_WARN_COMMA = YES;
				CLANG_WARN_CONSTANT_CONVERSION = YES;
				CLANG_WARN_DEPRECATED_OBJC_IMPLEMENTATIONS = YES;
				CLANG_WARN_DIRECT_OBJC_ISA_USAGE = YES_ERROR;
				CLANG_WARN_DOCUMENTATION_COMMENTS = YES;
				CLANG_WARN_EMPTY_BODY = YES;
				CLANG_WARN_ENUM_CONVERSION = YES;
				CLANG_WARN_INFINITE_RECURSION = YES;
				CLANG_WARN_INT_CONVERSION = YES;
				CLANG_WARN_NON_LITERAL_NULL_CONVERSION = YES;
				CLANG_WARN_OBJC_IMPLICIT_RETAIN_SELF = YES;
				CLANG_WARN_OBJC_LITERAL_CONVERSION = YES;
				CLANG_WARN_OBJC_ROOT_CLASS = YES_ERROR;
				CLANG_WARN_QUOTED_INCLUDE_IN_FRAMEWORK_HEADER = YES;
				CLANG_WARN_RANGE_LOOP_ANALYSIS = YES;
				CLANG_WARN_STRICT_PROTOTYPES = YES;
				CLANG_WARN_SUSPICIOUS_MOVE = YES;
				CLANG_WARN_UNGUARDED_AVAILABILITY = YES_AGGRESSIVE;
				CLANG_WARN_UNREACHABLE_CODE = YES;
				CLANG_WARN__DUPLICATE_METHOD_MATCH = YES;
				COPY_PHASE_STRIP = NO;
				DEBUG_INFORMATION_FORMAT = "dwarf-with-dsym";
				ENABLE_NS_ASSERTIONS = NO;
				ENABLE_STRICT_OBJC_MSGSEND = YES;
				GCC_C_LANGUAGE_STANDARD = gnu11;
				GCC_NO_COMMON_BLOCKS = YES;
				GCC_WARN_64_TO_32_BIT_CONVERSION = YES;
				GCC_WARN_ABOUT_RETURN_TYPE = YES_ERROR;
				GCC_WARN_UNDECLARED_SELECTOR = YES;
				GCC_WARN_UNINITIALIZED_AUTOS = YES_AGGRESSIVE;
				GCC_WARN_UNUSED_FUNCTION = YES;
				GCC_WARN_UNUSED_VARIABLE = YES;
				MACOSX_DEPLOYMENT_TARGET = 11.0;
				MTL_ENABLE_DEBUG_INFO = NO;
				MTL_FAST_MATH = YES;
				SDKROOT = macosx;
				SWIFT_COMPILATION_MODE = wholemodule;
				SWIFT_OPTIMIZATION_LEVEL = "-O";
			};
			name = Release;
		};
		AD195F3C256907C9007DC5C7 /* Debug */ = {
			isa = XCBuildConfiguration;
			buildSettings = {
				ASSETCATALOG_COMPILER_APPICON_NAME = AppIcon;
				ASSETCATALOG_COMPILER_GLOBAL_ACCENT_COLOR_NAME = AccentColor;
				CODE_SIGN_ENTITLEMENTS = Orion/Orion.entitlements;
				CODE_SIGN_STYLE = Automatic;
				COMBINE_HIDPI_IMAGES = YES;
				DEVELOPMENT_ASSET_PATHS = "\"Orion/Preview Content\"";
				DEVELOPMENT_TEAM = JN4QS7G6Y5;
				ENABLE_HARDENED_RUNTIME = YES;
				ENABLE_PREVIEWS = YES;
				INFOPLIST_FILE = Orion/Info.plist;
				LD_RUNPATH_SEARCH_PATHS = (
					"$(inherited)",
					"@executable_path/../Frameworks",
				);
				MACOSX_DEPLOYMENT_TARGET = 11.0;
				PRODUCT_BUNDLE_IDENTIFIER = com.zhengrenzhe.Orion;
				PRODUCT_NAME = "$(TARGET_NAME)";
				SWIFT_VERSION = 5.0;
			};
			name = Debug;
		};
		AD195F3D256907C9007DC5C7 /* Release */ = {
			isa = XCBuildConfiguration;
			buildSettings = {
				ASSETCATALOG_COMPILER_APPICON_NAME = AppIcon;
				ASSETCATALOG_COMPILER_GLOBAL_ACCENT_COLOR_NAME = AccentColor;
				CODE_SIGN_ENTITLEMENTS = Orion/Orion.entitlements;
				CODE_SIGN_STYLE = Automatic;
				COMBINE_HIDPI_IMAGES = YES;
				DEVELOPMENT_ASSET_PATHS = "\"Orion/Preview Content\"";
				DEVELOPMENT_TEAM = JN4QS7G6Y5;
				ENABLE_HARDENED_RUNTIME = YES;
				ENABLE_PREVIEWS = YES;
				INFOPLIST_FILE = Orion/Info.plist;
				LD_RUNPATH_SEARCH_PATHS = (
					"$(inherited)",
					"@executable_path/../Frameworks",
				);
				MACOSX_DEPLOYMENT_TARGET = 11.0;
				PRODUCT_BUNDLE_IDENTIFIER = com.zhengrenzhe.Orion;
				PRODUCT_NAME = "$(TARGET_NAME)";
				SWIFT_VERSION = 5.0;
			};
			name = Release;
		};
/* End XCBuildConfiguration section */

/* Begin XCConfigurationList section */
		AD195F26256907C8007DC5C7 /* Build configuration list for PBXProject "Orion" */ = {
			isa = XCConfigurationList;
			buildConfigurations = (
				AD195F39256907C9007DC5C7 /* Debug */,
				AD195F3A256907C9007DC5C7 /* Release */,
			);
			defaultConfigurationIsVisible = 0;
			defaultConfigurationName = Release;
		};
		AD195F3B256907C9007DC5C7 /* Build configuration list for PBXNativeTarget "Orion" */ = {
			isa = XCConfigurationList;
			buildConfigurations = (
				AD195F3C256907C9007DC5C7 /* Debug */,
				AD195F3D256907C9007DC5C7 /* Release */,
			);
			defaultConfigurationIsVisible = 0;
			defaultConfigurationName = Release;
		};
/* End XCConfigurationList section */
	};
	rootObject = AD195F23256907C8007DC5C7 /* Project object */;
}
